
Microsoft Visual Studio Solution File, Format Version 12.00
# Visual Studio Version 17
VisualStudioVersion = 17.0.31903.59
MinimumVisualStudioVersion = 10.0.40219.1
Project("{FAE04EC0-301F-11D3-BF4B-00C04F79EFBC}") = "AppHost", "AppHost\AppHost.csproj", "{9172AFBB-F641-4A06-A0A0-D55D94FB4601}"
EndProject
Project("{FAE04EC0-301F-11D3-BF4B-00C04F79EFBC}") = "ServiceDefaults", "ServiceDefaults\ServiceDefaults.csproj", "{FB86D54C-E296-4CCC-BCA0-94977BA943A8}"
EndProject
Project("{FAE04EC0-301F-11D3-BF4B-00C04F79EFBC}") = "ArticlesApi", "ArticlesApi\ArticlesApi.csproj", "{82EA1819-83E5-46C5-97FC-7F071F1D8DB5}"
EndProject
Project("{FAE04EC0-301F-11D3-BF4B-00C04F79EFBC}") = "NotifySvc", "NotifySvc\NotifySvc.csproj", "{2631F73D-FFB9-40C1-BB6D-547799665780}"
EndProject
Global
	GlobalSection(SolutionConfigurationPlatforms) = preSolution
		Debug|Any CPU = Debug|Any CPU
		Debug|x64 = Debug|x64
		Debug|x86 = Debug|x86
		Release|Any CPU = Release|Any CPU
		Release|x64 = Release|x64
		Release|x86 = Release|x86
	EndGlobalSection
	GlobalSection(ProjectConfigurationPlatforms) = postSolution
		{9172AFBB-F641-4A06-A0A0-D55D94FB4601}.Debug|Any CPU.ActiveCfg = Debug|Any CPU
		{9172AFBB-F641-4A06-A0A0-D55D94FB4601}.Debug|Any CPU.Build.0 = Debug|Any CPU
		{9172AFBB-F641-4A06-A0A0-D55D94FB4601}.Debug|x64.ActiveCfg = Debug|Any CPU
		{9172AFBB-F641-4A06-A0A0-D55D94FB4601}.Debug|x64.Build.0 = Debug|Any CPU
		{9172AFBB-F641-4A06-A0A0-D55D94FB4601}.Debug|x86.ActiveCfg = Debug|Any CPU
		{9172AFBB-F641-4A06-A0A0-D55D94FB4601}.Debug|x86.Build.0 = Debug|Any CPU
		{9172AFBB-F641-4A06-A0A0-D55D94FB4601}.Release|Any CPU.ActiveCfg = Release|Any CPU
		{9172AFBB-F641-4A06-A0A0-D55D94FB4601}.Release|Any CPU.Build.0 = Release|Any CPU
		{9172AFBB-F641-4A06-A0A0-D55D94FB4601}.Release|x64.ActiveCfg = Release|Any CPU
		{9172AFBB-F641-4A06-A0A0-D55D94FB4601}.Release|x64.Build.0 = Release|Any CPU
		{9172AFBB-F641-4A06-A0A0-D55D94FB4601}.Release|x86.ActiveCfg = Release|Any CPU
		{9172AFBB-F641-4A06-A0A0-D55D94FB4601}.Release|x86.Build.0 = Release|Any CPU
		{FB86D54C-E296-4CCC-BCA0-94977BA943A8}.Debug|Any CPU.ActiveCfg = Debug|Any CPU
		{FB86D54C-E296-4CCC-BCA0-94977BA943A8}.Debug|Any CPU.Build.0 = Debug|Any CPU
		{FB86D54C-E296-4CCC-BCA0-94977BA943A8}.Debug|x64.ActiveCfg = Debug|Any CPU
		{FB86D54C-E296-4CCC-BCA0-94977BA943A8}.Debug|x64.Build.0 = Debug|Any CPU
		{FB86D54C-E296-4CCC-BCA0-94977BA943A8}.Debug|x86.ActiveCfg = Debug|Any CPU
		{FB86D54C-E296-4CCC-BCA0-94977BA943A8}.Debug|x86.Build.0 = Debug|Any CPU
		{FB86D54C-E296-4CCC-BCA0-94977BA943A8}.Release|Any CPU.ActiveCfg = Release|Any CPU
		{FB86D54C-E296-4CCC-BCA0-94977BA943A8}.Release|Any CPU.Build.0 = Release|Any CPU
		{FB86D54C-E296-4CCC-BCA0-94977BA943A8}.Release|x64.ActiveCfg = Release|Any CPU
		{FB86D54C-E296-4CCC-BCA0-94977BA943A8}.Release|x64.Build.0 = Release|Any CPU
		{FB86D54C-E296-4CCC-BCA0-94977BA943A8}.Release|x86.ActiveCfg = Release|Any CPU
		{FB86D54C-E296-4CCC-BCA0-94977BA943A8}.Release|x86.Build.0 = Release|Any CPU
		{82EA1819-83E5-46C5-97FC-7F071F1D8DB5}.Debug|Any CPU.ActiveCfg = Debug|Any CPU
		{82EA1819-83E5-46C5-97FC-7F071F1D8DB5}.Debug|Any CPU.Build.0 = Debug|Any CPU
		{82EA1819-83E5-46C5-97FC-7F071F1D8DB5}.Debug|x64.ActiveCfg = Debug|Any CPU
		{82EA1819-83E5-46C5-97FC-7F071F1D8DB5}.Debug|x64.Build.0 = Debug|Any CPU
		{82EA1819-83E5-46C5-97FC-7F071F1D8DB5}.Debug|x86.ActiveCfg = Debug|Any CPU
		{82EA1819-83E5-46C5-97FC-7F071F1D8DB5}.Debug|x86.Build.0 = Debug|Any CPU
		{82EA1819-83E5-46C5-97FC-7F071F1D8DB5}.Release|Any CPU.ActiveCfg = Release|Any CPU
		{82EA1819-83E5-46C5-97FC-7F071F1D8DB5}.Release|Any CPU.Build.0 = Release|Any CPU
		{82EA1819-83E5-46C5-97FC-7F071F1D8DB5}.Release|x64.ActiveCfg = Release|Any CPU
		{82EA1819-83E5-46C5-97FC-7F071F1D8DB5}.Release|x64.Build.0 = Release|Any CPU
		{82EA1819-83E5-46C5-97FC-7F071F1D8DB5}.Release|x86.ActiveCfg = Release|Any CPU
		{82EA1819-83E5-46C5-97FC-7F071F1D8DB5}.Release|x86.Build.0 = Release|Any CPU
		{2631F73D-FFB9-40C1-BB6D-547799665780}.Debug|Any CPU.ActiveCfg = Debug|Any CPU
		{2631F73D-FFB9-40C1-BB6D-547799665780}.Debug|Any CPU.Build.0 = Debug|Any CPU
		{2631F73D-FFB9-40C1-BB6D-547799665780}.Debug|x64.ActiveCfg = Debug|Any CPU
		{2631F73D-FFB9-40C1-BB6D-547799665780}.Debug|x64.Build.0 = Debug|Any CPU
		{2631F73D-FFB9-40C1-BB6D-547799665780}.Debug|x86.ActiveCfg = Debug|Any CPU
		{2631F73D-FFB9-40C1-BB6D-547799665780}.Debug|x86.Build.0 = Debug|Any CPU
		{2631F73D-FFB9-40C1-BB6D-547799665780}.Release|Any CPU.ActiveCfg = Release|Any CPU
		{2631F73D-FFB9-40C1-BB6D-547799665780}.Release|Any CPU.Build.0 = Release|Any CPU
		{2631F73D-FFB9-40C1-BB6D-547799665780}.Release|x64.ActiveCfg = Release|Any CPU
		{2631F73D-FFB9-40C1-BB6D-547799665780}.Release|x64.Build.0 = Release|Any CPU
		{2631F73D-FFB9-40C1-BB6D-547799665780}.Release|x86.ActiveCfg = Release|Any CPU
		{2631F73D-FFB9-40C1-BB6D-547799665780}.Release|x86.Build.0 = Release|Any CPU
	EndGlobalSection
	GlobalSection(SolutionProperties) = preSolution
		HideSolutionNode = FALSE
	EndGlobalSection
EndGlobal
