GEM
  remote: https://rubygems.org/
  specs:
    anyway_config (2.8.0)
      ruby-next-core (~> 1.0)
    base64 (0.3.0)
    concurrent-ruby (1.3.6)
    dry-initializer (3.2.0)
    json (2.19.3)
    nio4r (2.7.5)
    prometheus-client (4.2.5)
      base64
    puma (8.0.2)
      nio4r (~> 2.0)
    rack (3.2.6)
    ruby-next-core (1.2.0)
    yabeda (0.16.0)
      anyway_config (>= 1.0, < 3)
      concurrent-ruby
      dry-initializer
    yabeda-prometheus (0.9.1)
      prometheus-client (>= 3.0, < 5.0)
      rack
      yabeda (~> 0.10)
    yabeda-puma-plugin (0.9.0)
      json
      puma
      yabeda (~> 0.5)

PLATFORMS
  aarch64-linux
  ruby

DEPENDENCIES
  puma (~> 8.0)
  rack (~> 3.0)
  yabeda
  yabeda-prometheus
  yabeda-puma-plugin

BUNDLED WITH
   2.5.23
